
Microsoft Visual Studio Solution File, Format Version 12.00
# Visual Studio 2013
VisualStudioVersion = 12.0.30723.0
MinimumVisualStudioVersion = 10.0.40219.1
Project("{FAE04EC0-301F-11D3-BF4B-00C04F79EFBC}") = "ExcelLib", "ExcelLib\ExcelLib.csproj", "{7256C470-4A0E-4BA5-ADC9-E7AFAC3A0B10}"
EndProject
Project("{FAE04EC0-301F-11D3-BF4B-00C04F79EFBC}") = "_Run_ExcelLib", "_Run_ExcelLib\_Run_ExcelLib.csproj", "{1AD28AC3-4362-44C9-8B2C-C8877995EBBF}"
EndProject
Global
	GlobalSection(SolutionConfigurationPlatforms) = preSolution
		Debug|Any CPU = Debug|Any CPU
		Release|Any CPU = Release|Any CPU
	EndGlobalSection
	GlobalSection(ProjectConfigurationPlatforms) = postSolution
		{7256C470-4A0E-4BA5-ADC9-E7AFAC3A0B10}.Debug|Any CPU.ActiveCfg = Debug|Any CPU
		{7256C470-4A0E-4BA5-ADC9-E7AFAC3A0B10}.Debug|Any CPU.Build.0 = Debug|Any CPU
		{7256C470-4A0E-4BA5-ADC9-E7AFAC3A0B10}.Release|Any CPU.ActiveCfg = Release|Any CPU
		{7256C470-4A0E-4BA5-ADC9-E7AFAC3A0B10}.Release|Any CPU.Build.0 = Release|Any CPU
		{1AD28AC3-4362-44C9-8B2C-C8877995EBBF}.Debug|Any CPU.ActiveCfg = Debug|Any CPU
		{1AD28AC3-4362-44C9-8B2C-C8877995EBBF}.Debug|Any CPU.Build.0 = Debug|Any CPU
		{1AD28AC3-4362-44C9-8B2C-C8877995EBBF}.Release|Any CPU.ActiveCfg = Release|Any CPU
		{1AD28AC3-4362-44C9-8B2C-C8877995EBBF}.Release|Any CPU.Build.0 = Release|Any CPU
	EndGlobalSection
	GlobalSection(SolutionProperties) = preSolution
		HideSolutionNode = FALSE
	EndGlobalSection
EndGlobal
